
Microsoft Visual Studio Solution File, Format Version 12.00
# Visual Studio Version 17
VisualStudioVersion = 17.9.34902.65
MinimumVisualStudioVersion = 10.0.40219.1
Project("{9A19103F-16F7-4668-BE54-9A1E7A4F7556}") = "Practice", "Practice\Practice.csproj", "{09929AAD-E263-421B-A3D5-24085BE47F86}"
EndProject
Project("{FAE04EC0-301F-11D3-BF4B-00C04F79EFBC}") = "PracticeTests", "PracticeTests\PracticeTests.csproj", "{AAD01814-6E75-4FA1-8796-8BCF46682C24}"
EndProject
Global
	GlobalSection(SolutionConfigurationPlatforms) = preSolution
		Debug|Any CPU = Debug|Any CPU
		Release|Any CPU = Release|Any CPU
	EndGlobalSection
	GlobalSection(ProjectConfigurationPlatforms) = postSolution
		{09929AAD-E263-421B-A3D5-24085BE47F86}.Debug|Any CPU.ActiveCfg = Debug|Any CPU
		{09929AAD-E263-421B-A3D5-24085BE47F86}.Debug|Any CPU.Build.0 = Debug|Any CPU
		{09929AAD-E263-421B-A3D5-24085BE47F86}.Release|Any CPU.ActiveCfg = Release|Any CPU
		{09929AAD-E263-421B-A3D5-24085BE47F86}.Release|Any CPU.Build.0 = Release|Any CPU
		{AAD01814-6E75-4FA1-8796-8BCF46682C24}.Debug|Any CPU.ActiveCfg = Debug|Any CPU
		{AAD01814-6E75-4FA1-8796-8BCF46682C24}.Debug|Any CPU.Build.0 = Debug|Any CPU
		{AAD01814-6E75-4FA1-8796-8BCF46682C24}.Release|Any CPU.ActiveCfg = Release|Any CPU
		{AAD01814-6E75-4FA1-8796-8BCF46682C24}.Release|Any CPU.Build.0 = Release|Any CPU
	EndGlobalSection
	GlobalSection(SolutionProperties) = preSolution
		HideSolutionNode = FALSE
	EndGlobalSection
	GlobalSection(ExtensibilityGlobals) = postSolution
		SolutionGuid = {D1D98BA3-A783-41F9-8703-D85D720D33DA}
	EndGlobalSection
EndGlobal
